<?xml version="1.0" encoding="utf-8"?>
<Project ToolsVersion="4.0" xmlns="http://schemas.microsoft.com/developer/msbuild/2003">
  <ItemGroup>
    <Filter Include="enginecode">
      <UniqueIdentifier>{76906484-6248-A6D1-CB4F-7F2DB72641C2}</UniqueIdentifier>
    </Filter>
    <Filter Include="enginecode\include">
      <UniqueIdentifier>{E9CDDD53-D5B1-9EA9-3E12-99FC2A15892B}</UniqueIdentifier>
    </Filter>
    <Filter Include="enginecode\include\independent">
      <UniqueIdentifier>{C6A25F23-B2C8-298A-9B0E-AF5587D34E56}</UniqueIdentifier>
    </Filter>
    <Filter Include="enginecode\include\independent\core">
      <UniqueIdentifier>{FEFEDCCB-6AB8-4776-F317-62505FD0FDE5}</UniqueIdentifier>
    </Filter>
    <Filter Include="enginecode\include\independent\systems">
      <UniqueIdentifier>{EDF64201-D948-1AF1-C267-5701AE5833DA}</UniqueIdentifier>
    </Filter>
    <Filter Include="enginecode\include\platform">
      <UniqueIdentifier>{7D5C3B44-E969-692A-7250-6515DE5C35E1}</UniqueIdentifier>
    </Filter>
    <Filter Include="enginecode\include\platform\windows">
      <UniqueIdentifier>{D7CBEF0D-4385-5AB8-CCE4-7492389D1028}</UniqueIdentifier>
    </Filter>
    <Filter Include="enginecode\src">
      <UniqueIdentifier>{8D999F4C-7967-9352-62FB-03794E686FB7}</UniqueIdentifier>
    </Filter>
    <Filter Include="enginecode\src\independent">
      <UniqueIdentifier>{6A040C7B-5614-B84B-BFCD-1C6AABFCA6E4}</UniqueIdentifier>
    </Filter>
    <Filter Include="enginecode\src\systems">
      <UniqueIdentifier>{B4C4D41A-A0BE-FD6C-892B-947D75C463D9}</UniqueIdentifier>
    </Filter>
    <Filter Include="precompiled">
      <UniqueIdentifier>{B96624CA-251C-9DBF-AE10-97961AC593C3}</UniqueIdentifier>
    </Filter>
  </ItemGroup>
  <ItemGroup>
    <ClInclude Include="enginecode\engine.h">
      <Filter>enginecode</Filter>
    </ClInclude>
    <ClInclude Include="enginecode\include\independent\core\application.h">
      <Filter>enginecode\include\independent\core</Filter>
    </ClInclude>
    <ClInclude Include="enginecode\include\independent\core\entryPoint.h">
      <Filter>enginecode\include\independent\core</Filter>
    </ClInclude>
    <ClInclude Include="enginecode\include\independent\core\timer.h">
      <Filter>enginecode\include\independent\core</Filter>
    </ClInclude>
    <ClInclude Include="enginecode\include\independent\systems\logs.h">
      <Filter>enginecode\include\independent\systems</Filter>
    </ClInclude>
    <ClInclude Include="enginecode\include\independent\systems\system.h">
      <Filter>enginecode\include\independent\systems</Filter>
    </ClInclude>
    <ClInclude Include="enginecode\include\platform\windows\winTimer.h">
      <Filter>enginecode\include\platform\windows</Filter>
    </ClInclude>
    <ClInclude Include="precompiled\engine_pch.h">
      <Filter>precompiled</Filter>
    </ClInclude>
    <ClInclude Include="enginecode\include\independent\events\events.h" />
    <ClInclude Include="enginecode\include\independent\events\windowEvents.h" />
    <ClInclude Include="enginecode\include\independent\events\allEvents.h" />
    <ClInclude Include="enginecode\include\independent\events\keyboardEvents.h" />
    <ClInclude Include="enginecode\include\independent\events\mouseEvents.h" />
    <ClInclude Include="enginecode\include\independent\events\eventHandler.h" />
    <ClInclude Include="enginecode\include\platform\GLFW\GLFWSystem.h" />
    <ClInclude Include="enginecode\include\platform\GLFW\GLFWWindowImplementation.h" />
    <ClInclude Include="enginecode\include\independent\core\window.h" />
    <ClInclude Include="enginecode\include\independent\core\inputPoller.h" />
    <ClInclude Include="enginecode\include\platform\GLFW\GLFWInputPoller.h" />
    <ClInclude Include="enginecode\include\platform\GLFW\GLFWCodes.h" />
    <ClInclude Include="enginecode\include\independent\events\codes.h" />
    <ClInclude Include="enginecode\include\independent\core\graphicsContext.h" />
    <ClInclude Include="enginecode\include\platform\GLFW\GLFW_OpenGL_Graphics.h" />
    <ClInclude Include="enginecode\include\independent\rendering\shaderDataType.h" />
    <ClInclude Include="enginecode\include\independent\rendering\bufferLayout.h" />
    <ClInclude Include="enginecode\include\platform\OpenGL\OpenGLVertexBuffer.h" />
    <ClInclude Include="enginecode\include\platform\OpenGL\OpenGLIndexBuffer.h" />
    <ClInclude Include="enginecode\include\platform\OpenGL\OpenGLVertexArray.h" />
    <ClInclude Include="enginecode\include\platform\OpenGL\OpenGLShader.h" />
    <ClInclude Include="enginecode\include\platform\OpenGL\OpenGLTextures.h" />
    <ClInclude Include="enginecode\include\independent\rendering\subTexture.h" />
    <ClInclude Include="enginecode\include\independent\rendering\renderAPI.h" />
    <ClInclude Include="enginecode\include\independent\rendering\indexBuffer.h" />
    <ClInclude Include="enginecode\include\independent\rendering\vertexBuffer.h" />
    <ClInclude Include="enginecode\include\independent\rendering\texture.h" />
    <ClInclude Include="enginecode\include\independent\rendering\shaders.h" />
    <ClInclude Include="enginecode\include\independent\rendering\vertexArrays.h" />
    <ClInclude Include="enginecode\include\platform\OpenGL\OpenGLUniformBuffer.h" />
    <ClInclude Include="enginecode\include\independent\rendering\uniformBuffer.h" />
    <ClInclude Include="enginecode\include\independent\rendering\TextureUnitMan.h" />
    <ClInclude Include="enginecode\include\independent\rendering\textureAtlas.h" />
    <ClInclude Include="enginecode\include\independent\camera\orthographic2DCamera.h" />
    <ClInclude Include="enginecode\include\independent\camera\camera.h" />
    <ClInclude Include="enginecode\include\independent\rendering\2DRenderer.h" />
    <ClInclude Include="enginecode\include\independent\rendering\renderCommands.h" />
  </ItemGroup>
  <ItemGroup>
    <ClCompile Include="enginecode\src\independent\application.cpp">
      <Filter>enginecode\src\independent</Filter>
    </ClCompile>
    <ClCompile Include="precompiled\engine_pch.cpp">
      <Filter>precompiled</Filter>
    </ClCompile>
    <ClCompile Include="enginecode\src\independent\systems\logs.cpp">
      <Filter>enginecode\src\systems</Filter>
    </ClCompile>
    <ClCompile Include="enginecode\src\platform\GLFW\GLFWWindowImplementation.cpp" />
    <ClCompile Include="enginecode\src\platform\GLFW\GLFWInputPoller.cpp" />
    <ClCompile Include="enginecode\src\independent\core\inputPoller.cpp" />
    <ClCompile Include="enginecode\src\platform\GLFW\GLFW_OpenGL_Graphics.cpp" />
    <ClCompile Include="enginecode\src\platform\OpenGL\OpenGLVertexBuffer.cpp" />
    <ClCompile Include="enginecode\src\platform\OpenGL\OpenGLIndexBuffer.cpp" />
    <ClCompile Include="enginecode\src\platform\OpenGL\OpenGLVertexArray.cpp" />
    <ClCompile Include="enginecode\src\platform\OpenGL\OpenGlShader.cpp" />
    <ClCompile Include="enginecode\src\platform\OpenGL\OpenGLTextures.cpp" />
    <ClCompile Include="enginecode\src\independent\Rendering\SubTexture.cpp" />
    <ClCompile Include="enginecode\src\independent\Rendering\renderAPI.cpp" />
    <ClCompile Include="enginecode\src\platform\OpenGL\OpenGLUniformBuffer.cpp" />
    <ClCompile Include="enginecode\src\independent\Rendering\TextureUnitMan.cpp" />
    <ClCompile Include="enginecode\src\independent\Rendering\textureAtlas.cpp" />
    <ClCompile Include="enginecode\src\independent\camera\orthographic2DCamera.cpp" />
    <ClCompile Include="enginecode\src\independent\Rendering\2DRenderer.cpp" />
    <ClCompile Include="enginecode\src\independent\Rendering\renderCommands.cpp" />
  </ItemGroup>
</Project>